
Microsoft Visual Studio Solution File, Format Version 12.00
# Visual Studio Version 16
VisualStudioVersion = 16.0.30406.217
MinimumVisualStudioVersion = 10.0.40219.1
Project("{9A19103F-16F7-4668-BE54-9A1E7A4F7556}") = "IdentityJWT.API", "IdentityJWT.API\IdentityJWT.API.csproj", "{AD4D67CA-5617-4344-9A39-3C92A937F4DB}"
EndProject
Project("{9A19103F-16F7-4668-BE54-9A1E7A4F7556}") = "IdentityJWT.AuthServer", "IdentityJWT.AuthServer\IdentityJWT.AuthServer.csproj", "{0DC55557-C92E-468B-A31B-BBAFE7263A48}"
EndProject
Project("{FAE04EC0-301F-11D3-BF4B-00C04F79EFBC}") = "IdentityJWT.ClientMVC", "IdentityJWT.ClientMVC\IdentityJWT.ClientMVC.csproj", "{6F13B509-82F9-4F4B-BE98-13D77BD5DA40}"
EndProject
Global
	GlobalSection(SolutionConfigurationPlatforms) = preSolution
		Debug|Any CPU = Debug|Any CPU
		Release|Any CPU = Release|Any CPU
	EndGlobalSection
	GlobalSection(ProjectConfigurationPlatforms) = postSolution
		{AD4D67CA-5617-4344-9A39-3C92A937F4DB}.Debug|Any CPU.ActiveCfg = Debug|Any CPU
		{AD4D67CA-5617-4344-9A39-3C92A937F4DB}.Debug|Any CPU.Build.0 = Debug|Any CPU
		{AD4D67CA-5617-4344-9A39-3C92A937F4DB}.Release|Any CPU.ActiveCfg = Release|Any CPU
		{AD4D67CA-5617-4344-9A39-3C92A937F4DB}.Release|Any CPU.Build.0 = Release|Any CPU
		{0DC55557-C92E-468B-A31B-BBAFE7263A48}.Debug|Any CPU.ActiveCfg = Debug|Any CPU
		{0DC55557-C92E-468B-A31B-BBAFE7263A48}.Debug|Any CPU.Build.0 = Debug|Any CPU
		{0DC55557-C92E-468B-A31B-BBAFE7263A48}.Release|Any CPU.ActiveCfg = Release|Any CPU
		{0DC55557-C92E-468B-A31B-BBAFE7263A48}.Release|Any CPU.Build.0 = Release|Any CPU
		{6F13B509-82F9-4F4B-BE98-13D77BD5DA40}.Debug|Any CPU.ActiveCfg = Debug|Any CPU
		{6F13B509-82F9-4F4B-BE98-13D77BD5DA40}.Debug|Any CPU.Build.0 = Debug|Any CPU
		{6F13B509-82F9-4F4B-BE98-13D77BD5DA40}.Release|Any CPU.ActiveCfg = Release|Any CPU
		{6F13B509-82F9-4F4B-BE98-13D77BD5DA40}.Release|Any CPU.Build.0 = Release|Any CPU
	EndGlobalSection
	GlobalSection(SolutionProperties) = preSolution
		HideSolutionNode = FALSE
	EndGlobalSection
	GlobalSection(ExtensibilityGlobals) = postSolution
		SolutionGuid = {210B10F5-787A-4CC1-B74F-DD64A8AFC9F6}
	EndGlobalSection
EndGlobal
